
Microsoft Visual Studio Solution File, Format Version 12.00
# Visual Studio Version 17
VisualStudioVersion = 17.11.35219.272
MinimumVisualStudioVersion = 10.0.40219.1
Project("{FAE04EC0-301F-11D3-BF4B-00C04F79EFBC}") = "RestfulAPI", "RestfulAPI.csproj", "{401C5957-BEF7-44A3-B0B6-85FA6782BFF7}"
EndProject
Global
	GlobalSection(SolutionConfigurationPlatforms) = preSolution
		Debug|Any CPU = Debug|Any CPU
		Release|Any CPU = Release|Any CPU
	EndGlobalSection
	GlobalSection(ProjectConfigurationPlatforms) = postSolution
		{401C5957-BEF7-44A3-B0B6-85FA6782BFF7}.Debug|Any CPU.ActiveCfg = Debug|Any CPU
		{401C5957-BEF7-44A3-B0B6-85FA6782BFF7}.Debug|Any CPU.Build.0 = Debug|Any CPU
		{401C5957-BEF7-44A3-B0B6-85FA6782BFF7}.Release|Any CPU.ActiveCfg = Release|Any CPU
		{401C5957-BEF7-44A3-B0B6-85FA6782BFF7}.Release|Any CPU.Build.0 = Release|Any CPU
	EndGlobalSection
	GlobalSection(SolutionProperties) = preSolution
		HideSolutionNode = FALSE
	EndGlobalSection
	GlobalSection(ExtensibilityGlobals) = postSolution
		SolutionGuid = {221AE0CD-F5B9-4019-B7BE-98E2C913EE02}
	EndGlobalSection
EndGlobal
